
Microsoft Visual Studio Solution File, Format Version 12.00
# Visual Studio Version 17
VisualStudioVersion = 17.0.31903.59
MinimumVisualStudioVersion = 10.0.40219.1
Project("{9A19103F-16F7-4668-BE54-9A1E7A4F7556}") = "ScreenSound.API", "ScreenSound.API\ScreenSound.API.csproj", "{46439E80-BFEA-480A-8233-980C455B4E23}"
EndProject
Project("{9A19103F-16F7-4668-BE54-9A1E7A4F7556}") = "ScreenSound.Shared.Modelos", "ScreenSound.Shared.Modelos\ScreenSound.Shared.Modelos.csproj", "{98F32B09-B17C-4430-92B6-15CCEB8A42EE}"
EndProject
Project("{9A19103F-16F7-4668-BE54-9A1E7A4F7556}") = "ScreenSound.Shared.Dados", "ScreenSound.Shared.Dados\ScreenSound.Shared.Dados.csproj", "{482232D6-BEF2-4DE6-A2EE-989BD46849CA}"
EndProject
Global
	GlobalSection(SolutionConfigurationPlatforms) = preSolution
		Debug|Any CPU = Debug|Any CPU
		Release|Any CPU = Release|Any CPU
	EndGlobalSection
	GlobalSection(ProjectConfigurationPlatforms) = postSolution
		{46439E80-BFEA-480A-8233-980C455B4E23}.Debug|Any CPU.ActiveCfg = Debug|Any CPU
		{46439E80-BFEA-480A-8233-980C455B4E23}.Debug|Any CPU.Build.0 = Debug|Any CPU
		{46439E80-BFEA-480A-8233-980C455B4E23}.Release|Any CPU.ActiveCfg = Release|Any CPU
		{46439E80-BFEA-480A-8233-980C455B4E23}.Release|Any CPU.Build.0 = Release|Any CPU
		{98F32B09-B17C-4430-92B6-15CCEB8A42EE}.Debug|Any CPU.ActiveCfg = Debug|Any CPU
		{98F32B09-B17C-4430-92B6-15CCEB8A42EE}.Debug|Any CPU.Build.0 = Debug|Any CPU
		{98F32B09-B17C-4430-92B6-15CCEB8A42EE}.Release|Any CPU.ActiveCfg = Release|Any CPU
		{98F32B09-B17C-4430-92B6-15CCEB8A42EE}.Release|Any CPU.Build.0 = Release|Any CPU
		{482232D6-BEF2-4DE6-A2EE-989BD46849CA}.Debug|Any CPU.ActiveCfg = Debug|Any CPU
		{482232D6-BEF2-4DE6-A2EE-989BD46849CA}.Debug|Any CPU.Build.0 = Debug|Any CPU
		{482232D6-BEF2-4DE6-A2EE-989BD46849CA}.Release|Any CPU.ActiveCfg = Release|Any CPU
		{482232D6-BEF2-4DE6-A2EE-989BD46849CA}.Release|Any CPU.Build.0 = Release|Any CPU
	EndGlobalSection
	GlobalSection(SolutionProperties) = preSolution
		HideSolutionNode = FALSE
	EndGlobalSection
	GlobalSection(ExtensibilityGlobals) = postSolution
		SolutionGuid = {1699AE2A-5C41-47B3-9414-0893A0505AE2}
	EndGlobalSection
EndGlobal
